// !$*UTF8*$!
{
	archiveVersion = 1;
	classes = {
	};
	objectVersion = 46;
	objects = {

/* Begin PBXBuildFile section */
		8DCC99838B28747A8807A766 /* libPods-MonkeyDoc.a in Frameworks */ = {isa = PBXBuildFile; fileRef = BE37BF5596C1AAE6E067A07C /* libPods-MonkeyDoc.a */; };
		973714BE1C0E8ADB004D95D1 /* main.m in Sources */ = {isa = PBXBuildFile; fileRef = 973714BD1C0E8ADB004D95D1 /* main.m */; };
		973714C11C0E8ADB004D95D1 /* AppDelegate.m in Sources */ = {isa = PBXBuildFile; fileRef = 973714C01C0E8ADB004D95D1 /* AppDelegate.m */; };
		973714C41C0E8ADB004D95D1 /* ViewController.m in Sources */ = {isa = PBXBuildFile; fileRef = 973714C31C0E8ADB004D95D1 /* ViewController.m */; };
		973714C91C0E8ADB004D95D1 /* Assets.xcassets in Resources */ = {isa = PBXBuildFile; fileRef = 973714C81C0E8ADB004D95D1 /* Assets.xcassets */; };
		973714CC1C0E8ADB004D95D1 /* LaunchScreen.storyboard in Resources */ = {isa = PBXBuildFile; fileRef = 973714CA1C0E8ADB004D95D1 /* LaunchScreen.storyboard */; };
		97E5E3E61C0E980400E8A12C /* HTTPManager.m in Sources */ = {isa = PBXBuildFile; fileRef = 97E5E3E51C0E980400E8A12C /* HTTPManager.m */; };
		97E5E3E91C0E98A400E8A12C /* Main.storyboard in Resources */ = {isa = PBXBuildFile; fileRef = 97E5E3EB1C0E98A400E8A12C /* Main.storyboard */; };
		97E5E3FE1C0E992500E8A12C /* MedicineDataController.m in Sources */ = {isa = PBXBuildFile; fileRef = 97E5E3ED1C0E992500E8A12C /* MedicineDataController.m */; };
		97E5E3FF1C0E992500E8A12C /* MedicineItemHeaderViewCell.m in Sources */ = {isa = PBXBuildFile; fileRef = 97E5E3EF1C0E992500E8A12C /* MedicineItemHeaderViewCell.m */; };
		97E5E4001C0E992500E8A12C /* MedicineItemHeaderViewCell.xib in Resources */ = {isa = PBXBuildFile; fileRef = 97E5E3F01C0E992500E8A12C /* MedicineItemHeaderViewCell.xib */; };
		97E5E4011C0E992500E8A12C /* MedicineItemViewController.m in Sources */ = {isa = PBXBuildFile; fileRef = 97E5E3F21C0E992500E8A12C /* MedicineItemViewController.m */; };
		97E5E4021C0E992500E8A12C /* MedicineItemViewController.xib in Resources */ = {isa = PBXBuildFile; fileRef = 97E5E3F31C0E992500E8A12C /* MedicineItemViewController.xib */; };
		97E5E4031C0E992500E8A12C /* Medicines-Search@2x.png in Resources */ = {isa = PBXBuildFile; fileRef = 97E5E3F41C0E992500E8A12C /* Medicines-Search@2x.png */; };
		97E5E4041C0E992500E8A12C /* Medicines-Search@3x.png in Resources */ = {isa = PBXBuildFile; fileRef = 97E5E3F51C0E992500E8A12C /* Medicines-Search@3x.png */; };
		97E5E4051C0E992500E8A12C /* Medicines@2x.png in Resources */ = {isa = PBXBuildFile; fileRef = 97E5E3F61C0E992500E8A12C /* Medicines@2x.png */; };
		97E5E4061C0E992500E8A12C /* Medicines@3x.png in Resources */ = {isa = PBXBuildFile; fileRef = 97E5E3F71C0E992500E8A12C /* Medicines@3x.png */; };
		97E5E4071C0E992500E8A12C /* MedicineViewCell.m in Sources */ = {isa = PBXBuildFile; fileRef = 97E5E3F91C0E992500E8A12C /* MedicineViewCell.m */; };
		97E5E4081C0E992500E8A12C /* MedicineViewCell.xib in Resources */ = {isa = PBXBuildFile; fileRef = 97E5E3FA1C0E992500E8A12C /* MedicineViewCell.xib */; };
		97E5E4091C0E992500E8A12C /* MedicineViewController.m in Sources */ = {isa = PBXBuildFile; fileRef = 97E5E3FC1C0E992500E8A12C /* MedicineViewController.m */; };
		97E5E40A1C0E992500E8A12C /* MedicineViewController.xib in Resources */ = {isa = PBXBuildFile; fileRef = 97E5E3FD1C0E992500E8A12C /* MedicineViewController.xib */; };
		97E5E40C1C0E9CF300E8A12C /* facebook-1024.png in Resources */ = {isa = PBXBuildFile; fileRef = 97E5E40B1C0E9CF300E8A12C /* facebook-1024.png */; };
		97E5E40F1C0E9EB400E8A12C /* LoginViewController.m in Sources */ = {isa = PBXBuildFile; fileRef = 97E5E40E1C0E9EB400E8A12C /* LoginViewController.m */; };
		97E5E4131C0F146300E8A12C /* FBSDKCoreKit.framework in Frameworks */ = {isa = PBXBuildFile; fileRef = 97E5E4111C0F146300E8A12C /* FBSDKCoreKit.framework */; };
		97E5E4141C0F146300E8A12C /* FBSDKLoginKit.framework in Frameworks */ = {isa = PBXBuildFile; fileRef = 97E5E4121C0F146300E8A12C /* FBSDKLoginKit.framework */; };
		97E5E4201C0F154400E8A12C /* ETAlertView.m in Sources */ = {isa = PBXBuildFile; fileRef = 97E5E41E1C0F154400E8A12C /* ETAlertView.m */; };
		97E5E4211C0F154400E8A12C /* ETAlertView.xib in Resources */ = {isa = PBXBuildFile; fileRef = 97E5E41F1C0F154400E8A12C /* ETAlertView.xib */; };
		97E5E4251C0F163300E8A12C /* ColorThemeController.m in Sources */ = {isa = PBXBuildFile; fileRef = 97E5E4241C0F163300E8A12C /* ColorThemeController.m */; };
		97E5E4281C0F168F00E8A12C /* WrapperViewCell.m in Sources */ = {isa = PBXBuildFile; fileRef = 97E5E4271C0F168F00E8A12C /* WrapperViewCell.m */; };
		97E5E42B1C0F16C500E8A12C /* WrapperViewController.m in Sources */ = {isa = PBXBuildFile; fileRef = 97E5E42A1C0F16C500E8A12C /* WrapperViewController.m */; };
		97E5E42F1C0F179900E8A12C /* UIViewController+BarButtons.m in Sources */ = {isa = PBXBuildFile; fileRef = 97E5E42E1C0F179900E8A12C /* UIViewController+BarButtons.m */; };
		97E5E4321C0F17B000E8A12C /* UIViewController+Network.m in Sources */ = {isa = PBXBuildFile; fileRef = 97E5E4311C0F17B000E8A12C /* UIViewController+Network.m */; };
		97E5E4361C0F181300E8A12C /* ODRefreshControl.m in Sources */ = {isa = PBXBuildFile; fileRef = 97E5E4351C0F181300E8A12C /* ODRefreshControl.m */; };
		97E5E43A1C0F1A8200E8A12C /* UIScrollView+EmptyState.m in Sources */ = {isa = PBXBuildFile; fileRef = 97E5E4391C0F1A8200E8A12C /* UIScrollView+EmptyState.m */; };
		97E5E43D1C0F1AC000E8A12C /* UIViewController+Present.m in Sources */ = {isa = PBXBuildFile; fileRef = 97E5E43C1C0F1AC000E8A12C /* UIViewController+Present.m */; };
		97E5E4401C0F1CF100E8A12C /* UIButton+Configuration.m in Sources */ = {isa = PBXBuildFile; fileRef = 97E5E43F1C0F1CF100E8A12C /* UIButton+Configuration.m */; };
		97E5E4481C0F1D1800E8A12C /* ETFlowView+Resize.m in Sources */ = {isa = PBXBuildFile; fileRef = 97E5E4431C0F1D1800E8A12C /* ETFlowView+Resize.m */; };
		97E5E4491C0F1D1800E8A12C /* ETFlowView+Text.m in Sources */ = {isa = PBXBuildFile; fileRef = 97E5E4451C0F1D1800E8A12C /* ETFlowView+Text.m */; };
		97E5E44A1C0F1D1800E8A12C /* ETFlowView.m in Sources */ = {isa = PBXBuildFile; fileRef = 97E5E4471C0F1D1800E8A12C /* ETFlowView.m */; };
/* End PBXBuildFile section */

/* Begin PBXFileReference section */
		2127E3EC7FBAB25B8B9E012E /* Pods-MonkeyDoc.release.xcconfig */ = {isa = PBXFileReference; includeInIndex = 1; lastKnownFileType = text.xcconfig; name = "Pods-MonkeyDoc.release.xcconfig"; path = "Pods/Target Support Files/Pods-MonkeyDoc/Pods-MonkeyDoc.release.xcconfig"; sourceTree = "<group>"; };
		973714B91C0E8ADB004D95D1 /* MonkeyDoc.app */ = {isa = PBXFileReference; explicitFileType = wrapper.application; includeInIndex = 0; path = MonkeyDoc.app; sourceTree = BUILT_PRODUCTS_DIR; };
		973714BD1C0E8ADB004D95D1 /* main.m */ = {isa = PBXFileReference; lastKnownFileType = sourcecode.c.objc; path = main.m; sourceTree = "<group>"; };
		973714BF1C0E8ADB004D95D1 /* AppDelegate.h */ = {isa = PBXFileReference; lastKnownFileType = sourcecode.c.h; path = AppDelegate.h; sourceTree = "<group>"; };
		973714C01C0E8ADB004D95D1 /* AppDelegate.m */ = {isa = PBXFileReference; lastKnownFileType = sourcecode.c.objc; path = AppDelegate.m; sourceTree = "<group>"; };
		973714C21C0E8ADB004D95D1 /* ViewController.h */ = {isa = PBXFileReference; lastKnownFileType = sourcecode.c.h; path = ViewController.h; sourceTree = "<group>"; };
		973714C31C0E8ADB004D95D1 /* ViewController.m */ = {isa = PBXFileReference; lastKnownFileType = sourcecode.c.objc; path = ViewController.m; sourceTree = "<group>"; };
		973714C81C0E8ADB004D95D1 /* Assets.xcassets */ = {isa = PBXFileReference; lastKnownFileType = folder.assetcatalog; path = Assets.xcassets; sourceTree = "<group>"; };
		973714CB1C0E8ADB004D95D1 /* Base */ = {isa = PBXFileReference; lastKnownFileType = file.storyboard; name = Base; path = Base.lproj/LaunchScreen.storyboard; sourceTree = "<group>"; };
		973714CD1C0E8ADB004D95D1 /* Info.plist */ = {isa = PBXFileReference; lastKnownFileType = text.plist.xml; path = Info.plist; sourceTree = "<group>"; };
		97E5E3E41C0E980400E8A12C /* HTTPManager.h */ = {isa = PBXFileReference; fileEncoding = 4; lastKnownFileType = sourcecode.c.h; path = HTTPManager.h; sourceTree = "<group>"; };
		97E5E3E51C0E980400E8A12C /* HTTPManager.m */ = {isa = PBXFileReference; fileEncoding = 4; lastKnownFileType = sourcecode.c.objc; path = HTTPManager.m; sourceTree = "<group>"; };
		97E5E3EA1C0E98A400E8A12C /* Base */ = {isa = PBXFileReference; lastKnownFileType = file.storyboard; name = Base; path = Base.lproj/Main.storyboard; sourceTree = "<group>"; };
		97E5E3EC1C0E992500E8A12C /* MedicineDataController.h */ = {isa = PBXFileReference; fileEncoding = 4; lastKnownFileType = sourcecode.c.h; path = MedicineDataController.h; sourceTree = "<group>"; };
		97E5E3ED1C0E992500E8A12C /* MedicineDataController.m */ = {isa = PBXFileReference; fileEncoding = 4; lastKnownFileType = sourcecode.c.objc; path = MedicineDataController.m; sourceTree = "<group>"; };
		97E5E3EE1C0E992500E8A12C /* MedicineItemHeaderViewCell.h */ = {isa = PBXFileReference; fileEncoding = 4; lastKnownFileType = sourcecode.c.h; path = MedicineItemHeaderViewCell.h; sourceTree = "<group>"; };
		97E5E3EF1C0E992500E8A12C /* MedicineItemHeaderViewCell.m */ = {isa = PBXFileReference; fileEncoding = 4; lastKnownFileType = sourcecode.c.objc; path = MedicineItemHeaderViewCell.m; sourceTree = "<group>"; };
		97E5E3F01C0E992500E8A12C /* MedicineItemHeaderViewCell.xib */ = {isa = PBXFileReference; fileEncoding = 4; lastKnownFileType = file.xib; path = MedicineItemHeaderViewCell.xib; sourceTree = "<group>"; };
		97E5E3F11C0E992500E8A12C /* MedicineItemViewController.h */ = {isa = PBXFileReference; fileEncoding = 4; lastKnownFileType = sourcecode.c.h; path = MedicineItemViewController.h; sourceTree = "<group>"; };
		97E5E3F21C0E992500E8A12C /* MedicineItemViewController.m */ = {isa = PBXFileReference; fileEncoding = 4; lastKnownFileType = sourcecode.c.objc; path = MedicineItemViewController.m; sourceTree = "<group>"; };
		97E5E3F31C0E992500E8A12C /* MedicineItemViewController.xib */ = {isa = PBXFileReference; fileEncoding = 4; lastKnownFileType = file.xib; path = MedicineItemViewController.xib; sourceTree = "<group>"; };
		97E5E3F41C0E992500E8A12C /* Medicines-Search@2x.png */ = {isa = PBXFileReference; lastKnownFileType = image.png; path = "Medicines-Search@2x.png"; sourceTree = "<group>"; };
		97E5E3F51C0E992500E8A12C /* Medicines-Search@3x.png */ = {isa = PBXFileReference; lastKnownFileType = image.png; path = "Medicines-Search@3x.png"; sourceTree = "<group>"; };
		97E5E3F61C0E992500E8A12C /* Medicines@2x.png */ = {isa = PBXFileReference; lastKnownFileType = image.png; path = "Medicines@2x.png"; sourceTree = "<group>"; };
		97E5E3F71C0E992500E8A12C /* Medicines@3x.png */ = {isa = PBXFileReference; lastKnownFileType = image.png; path = "Medicines@3x.png"; sourceTree = "<group>"; };
		97E5E3F81C0E992500E8A12C /* MedicineViewCell.h */ = {isa = PBXFileReference; fileEncoding = 4; lastKnownFileType = sourcecode.c.h; path = MedicineViewCell.h; sourceTree = "<group>"; };
		97E5E3F91C0E992500E8A12C /* MedicineViewCell.m */ = {isa = PBXFileReference; fileEncoding = 4; lastKnownFileType = sourcecode.c.objc; path = MedicineViewCell.m; sourceTree = "<group>"; };
		97E5E3FA1C0E992500E8A12C /* MedicineViewCell.xib */ = {isa = PBXFileReference; fileEncoding = 4; lastKnownFileType = file.xib; path = MedicineViewCell.xib; sourceTree = "<group>"; };
		97E5E3FB1C0E992500E8A12C /* MedicineViewController.h */ = {isa = PBXFileReference; fileEncoding = 4; lastKnownFileType = sourcecode.c.h; path = MedicineViewController.h; sourceTree = "<group>"; };
		97E5E3FC1C0E992500E8A12C /* MedicineViewController.m */ = {isa = PBXFileReference; fileEncoding = 4; lastKnownFileType = sourcecode.c.objc; path = MedicineViewController.m; sourceTree = "<group>"; };
		97E5E3FD1C0E992500E8A12C /* MedicineViewController.xib */ = {isa = PBXFileReference; fileEncoding = 4; lastKnownFileType = file.xib; path = MedicineViewController.xib; sourceTree = "<group>"; };
		97E5E40B1C0E9CF300E8A12C /* facebook-1024.png */ = {isa = PBXFileReference; lastKnownFileType = image.png; path = "facebook-1024.png"; sourceTree = "<group>"; };
		97E5E40D1C0E9EB400E8A12C /* LoginViewController.h */ = {isa = PBXFileReference; fileEncoding = 4; lastKnownFileType = sourcecode.c.h; path = LoginViewController.h; sourceTree = "<group>"; };
		97E5E40E1C0E9EB400E8A12C /* LoginViewController.m */ = {isa = PBXFileReference; fileEncoding = 4; lastKnownFileType = sourcecode.c.objc; path = LoginViewController.m; sourceTree = "<group>"; };
		97E5E4111C0F146300E8A12C /* FBSDKCoreKit.framework */ = {isa = PBXFileReference; lastKnownFileType = wrapper.framework; path = FBSDKCoreKit.framework; sourceTree = "<group>"; };
		97E5E4121C0F146300E8A12C /* FBSDKLoginKit.framework */ = {isa = PBXFileReference; lastKnownFileType = wrapper.framework; path = FBSDKLoginKit.framework; sourceTree = "<group>"; };
		97E5E41D1C0F154400E8A12C /* ETAlertView.h */ = {isa = PBXFileReference; fileEncoding = 4; lastKnownFileType = sourcecode.c.h; path = ETAlertView.h; sourceTree = "<group>"; };
		97E5E41E1C0F154400E8A12C /* ETAlertView.m */ = {isa = PBXFileReference; fileEncoding = 4; lastKnownFileType = sourcecode.c.objc; path = ETAlertView.m; sourceTree = "<group>"; };
		97E5E41F1C0F154400E8A12C /* ETAlertView.xib */ = {isa = PBXFileReference; fileEncoding = 4; lastKnownFileType = file.xib; path = ETAlertView.xib; sourceTree = "<group>"; };
		97E5E4231C0F163300E8A12C /* ColorThemeController.h */ = {isa = PBXFileReference; fileEncoding = 4; lastKnownFileType = sourcecode.c.h; path = ColorThemeController.h; sourceTree = "<group>"; };
		97E5E4241C0F163300E8A12C /* ColorThemeController.m */ = {isa = PBXFileReference; fileEncoding = 4; lastKnownFileType = sourcecode.c.objc; path = ColorThemeController.m; sourceTree = "<group>"; };
		97E5E4261C0F168F00E8A12C /* WrapperViewCell.h */ = {isa = PBXFileReference; fileEncoding = 4; lastKnownFileType = sourcecode.c.h; path = WrapperViewCell.h; sourceTree = "<group>"; };
		97E5E4271C0F168F00E8A12C /* WrapperViewCell.m */ = {isa = PBXFileReference; fileEncoding = 4; lastKnownFileType = sourcecode.c.objc; path = WrapperViewCell.m; sourceTree = "<group>"; };
		97E5E4291C0F16C500E8A12C /* WrapperViewController.h */ = {isa = PBXFileReference; fileEncoding = 4; lastKnownFileType = sourcecode.c.h; path = WrapperViewController.h; sourceTree = "<group>"; };
		97E5E42A1C0F16C500E8A12C /* WrapperViewController.m */ = {isa = PBXFileReference; fileEncoding = 4; lastKnownFileType = sourcecode.c.objc; path = WrapperViewController.m; sourceTree = "<group>"; };
		97E5E42D1C0F179900E8A12C /* UIViewController+BarButtons.h */ = {isa = PBXFileReference; fileEncoding = 4; lastKnownFileType = sourcecode.c.h; path = "UIViewController+BarButtons.h"; sourceTree = "<group>"; };
		97E5E42E1C0F179900E8A12C /* UIViewController+BarButtons.m */ = {isa = PBXFileReference; fileEncoding = 4; lastKnownFileType = sourcecode.c.objc; path = "UIViewController+BarButtons.m"; sourceTree = "<group>"; };
		97E5E4301C0F17B000E8A12C /* UIViewController+Network.h */ = {isa = PBXFileReference; fileEncoding = 4; lastKnownFileType = sourcecode.c.h; path = "UIViewController+Network.h"; sourceTree = "<group>"; };
		97E5E4311C0F17B000E8A12C /* UIViewController+Network.m */ = {isa = PBXFileReference; fileEncoding = 4; lastKnownFileType = sourcecode.c.objc; path = "UIViewController+Network.m"; sourceTree = "<group>"; };
		97E5E4341C0F181300E8A12C /* ODRefreshControl.h */ = {isa = PBXFileReference; fileEncoding = 4; lastKnownFileType = sourcecode.c.h; path = ODRefreshControl.h; sourceTree = "<group>"; };
		97E5E4351C0F181300E8A12C /* ODRefreshControl.m */ = {isa = PBXFileReference; fileEncoding = 4; lastKnownFileType = sourcecode.c.objc; path = ODRefreshControl.m; sourceTree = "<group>"; };
		97E5E4371C0F19CC00E8A12C /* prefix.pch */ = {isa = PBXFileReference; lastKnownFileType = sourcecode.c.h; path = prefix.pch; sourceTree = "<group>"; };
		97E5E4381C0F1A8200E8A12C /* UIScrollView+EmptyState.h */ = {isa = PBXFileReference; fileEncoding = 4; lastKnownFileType = sourcecode.c.h; path = "UIScrollView+EmptyState.h"; sourceTree = "<group>"; };
		97E5E4391C0F1A8200E8A12C /* UIScrollView+EmptyState.m */ = {isa = PBXFileReference; fileEncoding = 4; lastKnownFileType = sourcecode.c.objc; path = "UIScrollView+EmptyState.m"; sourceTree = "<group>"; };
		97E5E43B1C0F1AC000E8A12C /* UIViewController+Present.h */ = {isa = PBXFileReference; fileEncoding = 4; lastKnownFileType = sourcecode.c.h; path = "UIViewController+Present.h"; sourceTree = "<group>"; };
		97E5E43C1C0F1AC000E8A12C /* UIViewController+Present.m */ = {isa = PBXFileReference; fileEncoding = 4; lastKnownFileType = sourcecode.c.objc; path = "UIViewController+Present.m"; sourceTree = "<group>"; };
		97E5E43E1C0F1CF100E8A12C /* UIButton+Configuration.h */ = {isa = PBXFileReference; fileEncoding = 4; lastKnownFileType = sourcecode.c.h; path = "UIButton+Configuration.h"; sourceTree = "<group>"; };
		97E5E43F1C0F1CF100E8A12C /* UIButton+Configuration.m */ = {isa = PBXFileReference; fileEncoding = 4; lastKnownFileType = sourcecode.c.objc; path = "UIButton+Configuration.m"; sourceTree = "<group>"; };
		97E5E4421C0F1D1800E8A12C /* ETFlowView+Resize.h */ = {isa = PBXFileReference; fileEncoding = 4; lastKnownFileType = sourcecode.c.h; path = "ETFlowView+Resize.h"; sourceTree = "<group>"; };
		97E5E4431C0F1D1800E8A12C /* ETFlowView+Resize.m */ = {isa = PBXFileReference; fileEncoding = 4; lastKnownFileType = sourcecode.c.objc; path = "ETFlowView+Resize.m"; sourceTree = "<group>"; };
		97E5E4441C0F1D1800E8A12C /* ETFlowView+Text.h */ = {isa = PBXFileReference; fileEncoding = 4; lastKnownFileType = sourcecode.c.h; path = "ETFlowView+Text.h"; sourceTree = "<group>"; };
		97E5E4451C0F1D1800E8A12C /* ETFlowView+Text.m */ = {isa = PBXFileReference; fileEncoding = 4; lastKnownFileType = sourcecode.c.objc; path = "ETFlowView+Text.m"; sourceTree = "<group>"; };
		97E5E4461C0F1D1800E8A12C /* ETFlowView.h */ = {isa = PBXFileReference; fileEncoding = 4; lastKnownFileType = sourcecode.c.h; path = ETFlowView.h; sourceTree = "<group>"; };
		97E5E4471C0F1D1800E8A12C /* ETFlowView.m */ = {isa = PBXFileReference; fileEncoding = 4; lastKnownFileType = sourcecode.c.objc; path = ETFlowView.m; sourceTree = "<group>"; };
		BE37BF5596C1AAE6E067A07C /* libPods-MonkeyDoc.a */ = {isa = PBXFileReference; explicitFileType = archive.ar; includeInIndex = 0; path = "libPods-MonkeyDoc.a"; sourceTree = BUILT_PRODUCTS_DIR; };
		DB7DA631E2E4BAA49448FD13 /* Pods-MonkeyDoc.debug.xcconfig */ = {isa = PBXFileReference; includeInIndex = 1; lastKnownFileType = text.xcconfig; name = "Pods-MonkeyDoc.debug.xcconfig"; path = "Pods/Target Support Files/Pods-MonkeyDoc/Pods-MonkeyDoc.debug.xcconfig"; sourceTree = "<group>"; };
/* End PBXFileReference section */

/* Begin PBXFrameworksBuildPhase section */
		973714B61C0E8ADB004D95D1 /* Frameworks */ = {
			isa = PBXFrameworksBuildPhase;
			buildActionMask = 2147483647;
			files = (
				8DCC99838B28747A8807A766 /* libPods-MonkeyDoc.a in Frameworks */,
				97E5E4131C0F146300E8A12C /* FBSDKCoreKit.framework in Frameworks */,
				97E5E4141C0F146300E8A12C /* FBSDKLoginKit.framework in Frameworks */,
			);
			runOnlyForDeploymentPostprocessing = 0;
		};
/* End PBXFrameworksBuildPhase section */

/* Begin PBXGroup section */
		2BE7406BDEF1B8400AC55F70 /* Pods */ = {
			isa = PBXGroup;
			children = (
				DB7DA631E2E4BAA49448FD13 /* Pods-MonkeyDoc.debug.xcconfig */,
				2127E3EC7FBAB25B8B9E012E /* Pods-MonkeyDoc.release.xcconfig */,
			);
			name = Pods;
			sourceTree = "<group>";
		};
		6062D79ACCAC12933206D217 /* Frameworks */ = {
			isa = PBXGroup;
			children = (
				97E5E4111C0F146300E8A12C /* FBSDKCoreKit.framework */,
				97E5E4121C0F146300E8A12C /* FBSDKLoginKit.framework */,
				BE37BF5596C1AAE6E067A07C /* libPods-MonkeyDoc.a */,
			);
			name = Frameworks;
			sourceTree = "<group>";
		};
		973714B01C0E8ADB004D95D1 = {
			isa = PBXGroup;
			children = (
				6062D79ACCAC12933206D217 /* Frameworks */,
				97E5E4171C0F14DA00E8A12C /* Library */,
				973714BB1C0E8ADB004D95D1 /* MonkeyDoc */,
				2BE7406BDEF1B8400AC55F70 /* Pods */,
				973714BA1C0E8ADB004D95D1 /* Products */,
			);
			sourceTree = "<group>";
		};
		973714BA1C0E8ADB004D95D1 /* Products */ = {
			isa = PBXGroup;
			children = (
				973714B91C0E8ADB004D95D1 /* MonkeyDoc.app */,
			);
			name = Products;
			sourceTree = "<group>";
		};
		973714BB1C0E8ADB004D95D1 /* MonkeyDoc */ = {
			isa = PBXGroup;
			children = (
				973714C81C0E8ADB004D95D1 /* Assets.xcassets */,
				97E5E42C1C0F178600E8A12C /* Categories */,
				97E5E4221C0F161F00E8A12C /* General */,
				97E5E3E41C0E980400E8A12C /* HTTPManager.h */,
				97E5E3E51C0E980400E8A12C /* HTTPManager.m */,
				973714CA1C0E8ADB004D95D1 /* LaunchScreen.storyboard */,
				97E5E4101C0E9EB700E8A12C /* Login */,
				97E5E3EB1C0E98A400E8A12C /* Main.storyboard */,
				973714F21C0E9419004D95D1 /* Medicine */,
				973714BC1C0E8ADB004D95D1 /* Supporting Files */,
				973714C21C0E8ADB004D95D1 /* ViewController.h */,
				973714C31C0E8ADB004D95D1 /* ViewController.m */,
			);
			path = MonkeyDoc;
			sourceTree = "<group>";
		};
		973714BC1C0E8ADB004D95D1 /* Supporting Files */ = {
			isa = PBXGroup;
			children = (
				973714CD1C0E8ADB004D95D1 /* Info.plist */,
				97E5E4371C0F19CC00E8A12C /* prefix.pch */,
				97E5E40B1C0E9CF300E8A12C /* facebook-1024.png */,
				973714BD1C0E8ADB004D95D1 /* main.m */,
			);
			name = "Supporting Files";
			sourceTree = "<group>";
		};
		973714F21C0E9419004D95D1 /* Medicine */ = {
			isa = PBXGroup;
			children = (
				97E5E3EC1C0E992500E8A12C /* MedicineDataController.h */,
				97E5E3ED1C0E992500E8A12C /* MedicineDataController.m */,
				97E5E3EE1C0E992500E8A12C /* MedicineItemHeaderViewCell.h */,
				97E5E3EF1C0E992500E8A12C /* MedicineItemHeaderViewCell.m */,
				97E5E3F01C0E992500E8A12C /* MedicineItemHeaderViewCell.xib */,
				97E5E3F11C0E992500E8A12C /* MedicineItemViewController.h */,
				97E5E3F21C0E992500E8A12C /* MedicineItemViewController.m */,
				97E5E3F31C0E992500E8A12C /* MedicineItemViewController.xib */,
				97E5E3F41C0E992500E8A12C /* Medicines-Search@2x.png */,
				97E5E3F51C0E992500E8A12C /* Medicines-Search@3x.png */,
				97E5E3F61C0E992500E8A12C /* Medicines@2x.png */,
				97E5E3F71C0E992500E8A12C /* Medicines@3x.png */,
				97E5E3F81C0E992500E8A12C /* MedicineViewCell.h */,
				97E5E3F91C0E992500E8A12C /* MedicineViewCell.m */,
				97E5E3FA1C0E992500E8A12C /* MedicineViewCell.xib */,
				97E5E3FB1C0E992500E8A12C /* MedicineViewController.h */,
				97E5E3FC1C0E992500E8A12C /* MedicineViewController.m */,
				97E5E3FD1C0E992500E8A12C /* MedicineViewController.xib */,
			);
			name = Medicine;
			sourceTree = "<group>";
		};
		97E5E4101C0E9EB700E8A12C /* Login */ = {
			isa = PBXGroup;
			children = (
				97E5E40D1C0E9EB400E8A12C /* LoginViewController.h */,
				97E5E40E1C0E9EB400E8A12C /* LoginViewController.m */,
			);
			name = Login;
			sourceTree = "<group>";
		};
		97E5E4171C0F14DA00E8A12C /* Library */ = {
			isa = PBXGroup;
			children = (
				97E5E4411C0F1D1800E8A12C /* ETFlowView */,
				97E5E4331C0F181300E8A12C /* ODRefreshControl */,
				97E5E41C1C0F154400E8A12C /* ETAlertView */,
			);
			name = Library;
			path = MonkeyDoc;
			sourceTree = "<group>";
		};
		97E5E41C1C0F154400E8A12C /* ETAlertView */ = {
			isa = PBXGroup;
			children = (
				97E5E41D1C0F154400E8A12C /* ETAlertView.h */,
				97E5E41E1C0F154400E8A12C /* ETAlertView.m */,
				97E5E41F1C0F154400E8A12C /* ETAlertView.xib */,
			);
			path = ETAlertView;
			sourceTree = "<group>";
		};
		97E5E4221C0F161F00E8A12C /* General */ = {
			isa = PBXGroup;
			children = (
				973714BF1C0E8ADB004D95D1 /* AppDelegate.h */,
				973714C01C0E8ADB004D95D1 /* AppDelegate.m */,
				97E5E4231C0F163300E8A12C /* ColorThemeController.h */,
				97E5E4241C0F163300E8A12C /* ColorThemeController.m */,
				97E5E4261C0F168F00E8A12C /* WrapperViewCell.h */,
				97E5E4271C0F168F00E8A12C /* WrapperViewCell.m */,
				97E5E4291C0F16C500E8A12C /* WrapperViewController.h */,
				97E5E42A1C0F16C500E8A12C /* WrapperViewController.m */,
			);
			name = General;
			sourceTree = "<group>";
		};
		97E5E42C1C0F178600E8A12C /* Categories */ = {
			isa = PBXGroup;
			children = (
				97E5E43E1C0F1CF100E8A12C /* UIButton+Configuration.h */,
				97E5E43F1C0F1CF100E8A12C /* UIButton+Configuration.m */,
				97E5E4381C0F1A8200E8A12C /* UIScrollView+EmptyState.h */,
				97E5E4391C0F1A8200E8A12C /* UIScrollView+EmptyState.m */,
				97E5E42D1C0F179900E8A12C /* UIViewController+BarButtons.h */,
				97E5E42E1C0F179900E8A12C /* UIViewController+BarButtons.m */,
				97E5E4301C0F17B000E8A12C /* UIViewController+Network.h */,
				97E5E4311C0F17B000E8A12C /* UIViewController+Network.m */,
				97E5E43B1C0F1AC000E8A12C /* UIViewController+Present.h */,
				97E5E43C1C0F1AC000E8A12C /* UIViewController+Present.m */,
			);
			name = Categories;
			path = ..;
			sourceTree = "<group>";
		};
		97E5E4331C0F181300E8A12C /* ODRefreshControl */ = {
			isa = PBXGroup;
			children = (
				97E5E4341C0F181300E8A12C /* ODRefreshControl.h */,
				97E5E4351C0F181300E8A12C /* ODRefreshControl.m */,
			);
			path = ODRefreshControl;
			sourceTree = "<group>";
		};
		97E5E4411C0F1D1800E8A12C /* ETFlowView */ = {
			isa = PBXGroup;
			children = (
				97E5E4421C0F1D1800E8A12C /* ETFlowView+Resize.h */,
				97E5E4431C0F1D1800E8A12C /* ETFlowView+Resize.m */,
				97E5E4441C0F1D1800E8A12C /* ETFlowView+Text.h */,
				97E5E4451C0F1D1800E8A12C /* ETFlowView+Text.m */,
				97E5E4461C0F1D1800E8A12C /* ETFlowView.h */,
				97E5E4471C0F1D1800E8A12C /* ETFlowView.m */,
			);
			path = ETFlowView;
			sourceTree = "<group>";
		};
/* End PBXGroup section */

/* Begin PBXNativeTarget section */
		973714B81C0E8ADB004D95D1 /* MonkeyDoc */ = {
			isa = PBXNativeTarget;
			buildConfigurationList = 973714D01C0E8ADB004D95D1 /* Build configuration list for PBXNativeTarget "MonkeyDoc" */;
			buildPhases = (
				BC03F1EB4D4D99E31DABCE63 /* Check Pods Manifest.lock */,
				973714B51C0E8ADB004D95D1 /* Sources */,
				973714B61C0E8ADB004D95D1 /* Frameworks */,
				973714B71C0E8ADB004D95D1 /* Resources */,
				22D8ECE0312FBC4F57879B0A /* Embed Pods Frameworks */,
				4E8B9F210F135D06E8B761AC /* Copy Pods Resources */,
			);
			buildRules = (
			);
			dependencies = (
			);
			name = MonkeyDoc;
			productName = MonkeyDoc;
			productReference = 973714B91C0E8ADB004D95D1 /* MonkeyDoc.app */;
			productType = "com.apple.product-type.application";
		};
/* End PBXNativeTarget section */

/* Begin PBXProject section */
		973714B11C0E8ADB004D95D1 /* Project object */ = {
			isa = PBXProject;
			attributes = {
				LastUpgradeCheck = 0710;
				ORGANIZATIONNAME = "Pedro Goes";
				TargetAttributes = {
					973714B81C0E8ADB004D95D1 = {
						CreatedOnToolsVersion = 7.1.1;
					};
				};
			};
			buildConfigurationList = 973714B41C0E8ADB004D95D1 /* Build configuration list for PBXProject "MonkeyDoc" */;
			compatibilityVersion = "Xcode 3.2";
			developmentRegion = English;
			hasScannedForEncodings = 0;
			knownRegions = (
				en,
				Base,
			);
			mainGroup = 973714B01C0E8ADB004D95D1;
			productRefGroup = 973714BA1C0E8ADB004D95D1 /* Products */;
			projectDirPath = "";
			projectRoot = "";
			targets = (
				973714B81C0E8ADB004D95D1 /* MonkeyDoc */,
			);
		};
/* End PBXProject section */

/* Begin PBXResourcesBuildPhase section */
		973714B71C0E8ADB004D95D1 /* Resources */ = {
			isa = PBXResourcesBuildPhase;
			buildActionMask = 2147483647;
			files = (
				97E5E4001C0E992500E8A12C /* MedicineItemHeaderViewCell.xib in Resources */,
				973714CC1C0E8ADB004D95D1 /* LaunchScreen.storyboard in Resources */,
				97E5E40C1C0E9CF300E8A12C /* facebook-1024.png in Resources */,
				97E5E4081C0E992500E8A12C /* MedicineViewCell.xib in Resources */,
				97E5E4031C0E992500E8A12C /* Medicines-Search@2x.png in Resources */,
				97E5E4211C0F154400E8A12C /* ETAlertView.xib in Resources */,
				97E5E40A1C0E992500E8A12C /* MedicineViewController.xib in Resources */,
				97E5E3E91C0E98A400E8A12C /* Main.storyboard in Resources */,
				973714C91C0E8ADB004D95D1 /* Assets.xcassets in Resources */,
				97E5E4041C0E992500E8A12C /* Medicines-Search@3x.png in Resources */,
				97E5E4061C0E992500E8A12C /* Medicines@3x.png in Resources */,
				97E5E4051C0E992500E8A12C /* Medicines@2x.png in Resources */,
				97E5E4021C0E992500E8A12C /* MedicineItemViewController.xib in Resources */,
			);
			runOnlyForDeploymentPostprocessing = 0;
		};
/* End PBXResourcesBuildPhase section */

/* Begin PBXShellScriptBuildPhase section */
		22D8ECE0312FBC4F57879B0A /* Embed Pods Frameworks */ = {
			isa = PBXShellScriptBuildPhase;
			buildActionMask = 2147483647;
			files = (
			);
			inputPaths = (
			);
			name = "Embed Pods Frameworks";
			outputPaths = (
			);
			runOnlyForDeploymentPostprocessing = 0;
			shellPath = /bin/sh;
			shellScript = "\"${SRCROOT}/Pods/Target Support Files/Pods-MonkeyDoc/Pods-MonkeyDoc-frameworks.sh\"\n";
			showEnvVarsInLog = 0;
		};
		4E8B9F210F135D06E8B761AC /* Copy Pods Resources */ = {
			isa = PBXShellScriptBuildPhase;
			buildActionMask = 2147483647;
			files = (
			);
			inputPaths = (
			);
			name = "Copy Pods Resources";
			outputPaths = (
			);
			runOnlyForDeploymentPostprocessing = 0;
			shellPath = /bin/sh;
			shellScript = "\"${SRCROOT}/Pods/Target Support Files/Pods-MonkeyDoc/Pods-MonkeyDoc-resources.sh\"\n";
			showEnvVarsInLog = 0;
		};
		BC03F1EB4D4D99E31DABCE63 /* Check Pods Manifest.lock */ = {
			isa = PBXShellScriptBuildPhase;
			buildActionMask = 2147483647;
			files = (
			);
			inputPaths = (
			);
			name = "Check Pods Manifest.lock";
			outputPaths = (
			);
			runOnlyForDeploymentPostprocessing = 0;
			shellPath = /bin/sh;
			shellScript = "diff \"${PODS_ROOT}/../Podfile.lock\" \"${PODS_ROOT}/Manifest.lock\" > /dev/null\nif [[ $? != 0 ]] ; then\n    cat << EOM\nerror: The sandbox is not in sync with the Podfile.lock. Run 'pod install' or update your CocoaPods installation.\nEOM\n    exit 1\nfi\n";
			showEnvVarsInLog = 0;
		};
/* End PBXShellScriptBuildPhase section */

/* Begin PBXSourcesBuildPhase section */
		973714B51C0E8ADB004D95D1 /* Sources */ = {
			isa = PBXSourcesBuildPhase;
			buildActionMask = 2147483647;
			files = (
				97E5E4011C0E992500E8A12C /* MedicineItemViewController.m in Sources */,
				973714C41C0E8ADB004D95D1 /* ViewController.m in Sources */,
				97E5E3FE1C0E992500E8A12C /* MedicineDataController.m in Sources */,
				973714C11C0E8ADB004D95D1 /* AppDelegate.m in Sources */,
				97E5E40F1C0E9EB400E8A12C /* LoginViewController.m in Sources */,
				97E5E4201C0F154400E8A12C /* ETAlertView.m in Sources */,
				97E5E3E61C0E980400E8A12C /* HTTPManager.m in Sources */,
				97E5E4481C0F1D1800E8A12C /* ETFlowView+Resize.m in Sources */,
				97E5E4491C0F1D1800E8A12C /* ETFlowView+Text.m in Sources */,
				97E5E43A1C0F1A8200E8A12C /* UIScrollView+EmptyState.m in Sources */,
				97E5E4401C0F1CF100E8A12C /* UIButton+Configuration.m in Sources */,
				97E5E4321C0F17B000E8A12C /* UIViewController+Network.m in Sources */,
				97E5E43D1C0F1AC000E8A12C /* UIViewController+Present.m in Sources */,
				97E5E4251C0F163300E8A12C /* ColorThemeController.m in Sources */,
				97E5E3FF1C0E992500E8A12C /* MedicineItemHeaderViewCell.m in Sources */,
				97E5E42F1C0F179900E8A12C /* UIViewController+BarButtons.m in Sources */,
				97E5E4091C0E992500E8A12C /* MedicineViewController.m in Sources */,
				97E5E4361C0F181300E8A12C /* ODRefreshControl.m in Sources */,
				97E5E42B1C0F16C500E8A12C /* WrapperViewController.m in Sources */,
				97E5E44A1C0F1D1800E8A12C /* ETFlowView.m in Sources */,
				97E5E4281C0F168F00E8A12C /* WrapperViewCell.m in Sources */,
				97E5E4071C0E992500E8A12C /* MedicineViewCell.m in Sources */,
				973714BE1C0E8ADB004D95D1 /* main.m in Sources */,
			);
			runOnlyForDeploymentPostprocessing = 0;
		};
/* End PBXSourcesBuildPhase section */

/* Begin PBXVariantGroup section */
		973714CA1C0E8ADB004D95D1 /* LaunchScreen.storyboard */ = {
			isa = PBXVariantGroup;
			children = (
				973714CB1C0E8ADB004D95D1 /* Base */,
			);
			name = LaunchScreen.storyboard;
			sourceTree = "<group>";
		};
		97E5E3EB1C0E98A400E8A12C /* Main.storyboard */ = {
			isa = PBXVariantGroup;
			children = (
				97E5E3EA1C0E98A400E8A12C /* Base */,
			);
			name = Main.storyboard;
			sourceTree = "<group>";
		};
/* End PBXVariantGroup section */

/* Begin XCBuildConfiguration section */
		973714CE1C0E8ADB004D95D1 /* Debug */ = {
			isa = XCBuildConfiguration;
			buildSettings = {
				ALWAYS_SEARCH_USER_PATHS = NO;
				CLANG_CXX_LANGUAGE_STANDARD = "gnu++0x";
				CLANG_CXX_LIBRARY = "libc++";
				CLANG_ENABLE_MODULES = YES;
				CLANG_ENABLE_OBJC_ARC = YES;
				CLANG_WARN_BOOL_CONVERSION = YES;
				CLANG_WARN_CONSTANT_CONVERSION = YES;
				CLANG_WARN_DIRECT_OBJC_ISA_USAGE = YES_ERROR;
				CLANG_WARN_EMPTY_BODY = YES;
				CLANG_WARN_ENUM_CONVERSION = YES;
				CLANG_WARN_INT_CONVERSION = YES;
				CLANG_WARN_OBJC_ROOT_CLASS = YES_ERROR;
				CLANG_WARN_UNREACHABLE_CODE = YES;
				CLANG_WARN__DUPLICATE_METHOD_MATCH = YES;
				"CODE_SIGN_IDENTITY[sdk=iphoneos*]" = "iPhone Developer";
				COPY_PHASE_STRIP = NO;
				DEBUG_INFORMATION_FORMAT = dwarf;
				ENABLE_STRICT_OBJC_MSGSEND = YES;
				ENABLE_TESTABILITY = YES;
				GCC_C_LANGUAGE_STANDARD = gnu99;
				GCC_DYNAMIC_NO_PIC = NO;
				GCC_NO_COMMON_BLOCKS = YES;
				GCC_OPTIMIZATION_LEVEL = 0;
				GCC_PREPROCESSOR_DEFINITIONS = (
					"DEBUG=1",
					"$(inherited)",
				);
				GCC_WARN_64_TO_32_BIT_CONVERSION = YES;
				GCC_WARN_ABOUT_RETURN_TYPE = YES_ERROR;
				GCC_WARN_UNDECLARED_SELECTOR = YES;
				GCC_WARN_UNINITIALIZED_AUTOS = YES_AGGRESSIVE;
				GCC_WARN_UNUSED_FUNCTION = YES;
				GCC_WARN_UNUSED_VARIABLE = YES;
				IPHONEOS_DEPLOYMENT_TARGET = 9.1;
				MTL_ENABLE_DEBUG_INFO = YES;
				ONLY_ACTIVE_ARCH = YES;
				SDKROOT = iphoneos;
			};
			name = Debug;
		};
		973714CF1C0E8ADB004D95D1 /* Release */ = {
			isa = XCBuildConfiguration;
			buildSettings = {
				ALWAYS_SEARCH_USER_PATHS = NO;
				CLANG_CXX_LANGUAGE_STANDARD = "gnu++0x";
				CLANG_CXX_LIBRARY = "libc++";
				CLANG_ENABLE_MODULES = YES;
				CLANG_ENABLE_OBJC_ARC = YES;
				CLANG_WARN_BOOL_CONVERSION = YES;
				CLANG_WARN_CONSTANT_CONVERSION = YES;
				CLANG_WARN_DIRECT_OBJC_ISA_USAGE = YES_ERROR;
				CLANG_WARN_EMPTY_BODY = YES;
				CLANG_WARN_ENUM_CONVERSION = YES;
				CLANG_WARN_INT_CONVERSION = YES;
				CLANG_WARN_OBJC_ROOT_CLASS = YES_ERROR;
				CLANG_WARN_UNREACHABLE_CODE = YES;
				CLANG_WARN__DUPLICATE_METHOD_MATCH = YES;
				"CODE_SIGN_IDENTITY[sdk=iphoneos*]" = "iPhone Developer";
				COPY_PHASE_STRIP = NO;
				DEBUG_INFORMATION_FORMAT = "dwarf-with-dsym";
				ENABLE_NS_ASSERTIONS = NO;
				ENABLE_STRICT_OBJC_MSGSEND = YES;
				GCC_C_LANGUAGE_STANDARD = gnu99;
				GCC_NO_COMMON_BLOCKS = YES;
				GCC_WARN_64_TO_32_BIT_CONVERSION = YES;
				GCC_WARN_ABOUT_RETURN_TYPE = YES_ERROR;
				GCC_WARN_UNDECLARED_SELECTOR = YES;
				GCC_WARN_UNINITIALIZED_AUTOS = YES_AGGRESSIVE;
				GCC_WARN_UNUSED_FUNCTION = YES;
				GCC_WARN_UNUSED_VARIABLE = YES;
				IPHONEOS_DEPLOYMENT_TARGET = 9.1;
				MTL_ENABLE_DEBUG_INFO = NO;
				SDKROOT = iphoneos;
				VALIDATE_PRODUCT = YES;
			};
			name = Release;
		};
		973714D11C0E8ADB004D95D1 /* Debug */ = {
			isa = XCBuildConfiguration;
			baseConfigurationReference = DB7DA631E2E4BAA49448FD13 /* Pods-MonkeyDoc.debug.xcconfig */;
			buildSettings = {
				ASSETCATALOG_COMPILER_APPICON_NAME = AppIcon;
				FRAMEWORK_SEARCH_PATHS = (
					"$(inherited)",
					"$(PROJECT_DIR)",
				);
				GCC_PREFIX_HEADER = MonkeyDoc/prefix.pch;
				INFOPLIST_FILE = MonkeyDoc/Info.plist;
				IPHONEOS_DEPLOYMENT_TARGET = 8.0;
				LD_RUNPATH_SEARCH_PATHS = "$(inherited) @executable_path/Frameworks";
				PRODUCT_BUNDLE_IDENTIFIER = info.pedrogoes.MonkeyDoc;
				PRODUCT_NAME = "$(TARGET_NAME)";
			};
			name = Debug;
		};
		973714D21C0E8ADB004D95D1 /* Release */ = {
			isa = XCBuildConfiguration;
			baseConfigurationReference = 2127E3EC7FBAB25B8B9E012E /* Pods-MonkeyDoc.release.xcconfig */;
			buildSettings = {
				ASSETCATALOG_COMPILER_APPICON_NAME = AppIcon;
				FRAMEWORK_SEARCH_PATHS = (
					"$(inherited)",
					"$(PROJECT_DIR)",
				);
				GCC_PREFIX_HEADER = MonkeyDoc/prefix.pch;
				INFOPLIST_FILE = MonkeyDoc/Info.plist;
				IPHONEOS_DEPLOYMENT_TARGET = 8.0;
				LD_RUNPATH_SEARCH_PATHS = "$(inherited) @executable_path/Frameworks";
				PRODUCT_BUNDLE_IDENTIFIER = info.pedrogoes.MonkeyDoc;
				PRODUCT_NAME = "$(TARGET_NAME)";
			};
			name = Release;
		};
/* End XCBuildConfiguration section */

/* Begin XCConfigurationList section */
		973714B41C0E8ADB004D95D1 /* Build configuration list for PBXProject "MonkeyDoc" */ = {
			isa = XCConfigurationList;
			buildConfigurations = (
				973714CE1C0E8ADB004D95D1 /* Debug */,
				973714CF1C0E8ADB004D95D1 /* Release */,
			);
			defaultConfigurationIsVisible = 0;
			defaultConfigurationName = Release;
		};
		973714D01C0E8ADB004D95D1 /* Build configuration list for PBXNativeTarget "MonkeyDoc" */ = {
			isa = XCConfigurationList;
			buildConfigurations = (
				973714D11C0E8ADB004D95D1 /* Debug */,
				973714D21C0E8ADB004D95D1 /* Release */,
			);
			defaultConfigurationIsVisible = 0;
			defaultConfigurationName = Release;
		};
/* End XCConfigurationList section */
	};
	rootObject = 973714B11C0E8ADB004D95D1 /* Project object */;
}
