// !$*UTF8*$!
{
	archiveVersion = 1;
	classes = {
	};
	objectVersion = 46;
	objects = {

/* Begin PBXBuildFile section */
		8DCC99838B28747A8807A766 /* libPods-MonkeyDoc.a in Frameworks */ = {isa = PBXBuildFile; fileRef = BE37BF5596C1AAE6E067A07C /* libPods-MonkeyDoc.a */; };
		973714BE1C0E8ADB004D95D1 /* main.m in Sources */ = {isa = PBXBuildFile; fileRef = 973714BD1C0E8ADB004D95D1 /* main.m */; };
		973714C11C0E8ADB004D95D1 /* AppDelegate.m in Sources */ = {isa = PBXBuildFile; fileRef = 973714C01C0E8ADB004D95D1 /* AppDelegate.m */; };
		973714C41C0E8ADB004D95D1 /* ViewController.m in Sources */ = {isa = PBXBuildFile; fileRef = 973714C31C0E8ADB004D95D1 /* ViewController.m */; };
		973714C91C0E8ADB004D95D1 /* Assets.xcassets in Resources */ = {isa = PBXBuildFile; fileRef = 973714C81C0E8ADB004D95D1 /* Assets.xcassets */; };
		973714CC1C0E8ADB004D95D1 /* LaunchScreen.storyboard in Resources */ = {isa = PBXBuildFile; fileRef = 973714CA1C0E8ADB004D95D1 /* LaunchScreen.storyboard */; };
/* End PBXBuildFile section */

/* Begin PBXFileReference section */
		2127E3EC7FBAB25B8B9E012E /* Pods-MonkeyDoc.release.xcconfig */ = {isa = PBXFileReference; includeInIndex = 1; lastKnownFileType = text.xcconfig; name = "Pods-MonkeyDoc.release.xcconfig"; path = "Pods/Target Support Files/Pods-MonkeyDoc/Pods-MonkeyDoc.release.xcconfig"; sourceTree = "<group>"; };
		973714B91C0E8ADB004D95D1 /* MonkeyDoc.app */ = {isa = PBXFileReference; explicitFileType = wrapper.application; includeInIndex = 0; path = MonkeyDoc.app; sourceTree = BUILT_PRODUCTS_DIR; };
		973714BD1C0E8ADB004D95D1 /* main.m */ = {isa = PBXFileReference; lastKnownFileType = sourcecode.c.objc; path = main.m; sourceTree = "<group>"; };
		973714BF1C0E8ADB004D95D1 /* AppDelegate.h */ = {isa = PBXFileReference; lastKnownFileType = sourcecode.c.h; path = AppDelegate.h; sourceTree = "<group>"; };
		973714C01C0E8ADB004D95D1 /* AppDelegate.m */ = {isa = PBXFileReference; lastKnownFileType = sourcecode.c.objc; path = AppDelegate.m; sourceTree = "<group>"; };
		973714C21C0E8ADB004D95D1 /* ViewController.h */ = {isa = PBXFileReference; lastKnownFileType = sourcecode.c.h; path = ViewController.h; sourceTree = "<group>"; };
		973714C31C0E8ADB004D95D1 /* ViewController.m */ = {isa = PBXFileReference; lastKnownFileType = sourcecode.c.objc; path = ViewController.m; sourceTree = "<group>"; };
		973714C81C0E8ADB004D95D1 /* Assets.xcassets */ = {isa = PBXFileReference; lastKnownFileType = folder.assetcatalog; path = Assets.xcassets; sourceTree = "<group>"; };
		973714CB1C0E8ADB004D95D1 /* Base */ = {isa = PBXFileReference; lastKnownFileType = file.storyboard; name = Base; path = Base.lproj/LaunchScreen.storyboard; sourceTree = "<group>"; };
		973714CD1C0E8ADB004D95D1 /* Info.plist */ = {isa = PBXFileReference; lastKnownFileType = text.plist.xml; path = Info.plist; sourceTree = "<group>"; };
		BE37BF5596C1AAE6E067A07C /* libPods-MonkeyDoc.a */ = {isa = PBXFileReference; explicitFileType = archive.ar; includeInIndex = 0; path = "libPods-MonkeyDoc.a"; sourceTree = BUILT_PRODUCTS_DIR; };
		DB7DA631E2E4BAA49448FD13 /* Pods-MonkeyDoc.debug.xcconfig */ = {isa = PBXFileReference; includeInIndex = 1; lastKnownFileType = text.xcconfig; name = "Pods-MonkeyDoc.debug.xcconfig"; path = "Pods/Target Support Files/Pods-MonkeyDoc/Pods-MonkeyDoc.debug.xcconfig"; sourceTree = "<group>"; };
/* End PBXFileReference section */

/* Begin PBXFrameworksBuildPhase section */
		973714B61C0E8ADB004D95D1 /* Frameworks */ = {
			isa = PBXFrameworksBuildPhase;
			buildActionMask = 2147483647;
			files = (
				8DCC99838B28747A8807A766 /* libPods-MonkeyDoc.a in Frameworks */,
			);
			runOnlyForDeploymentPostprocessing = 0;
		};
/* End PBXFrameworksBuildPhase section */

/* Begin PBXGroup section */
		2BE7406BDEF1B8400AC55F70 /* Pods */ = {
			isa = PBXGroup;
			children = (
				DB7DA631E2E4BAA49448FD13 /* Pods-MonkeyDoc.debug.xcconfig */,
				2127E3EC7FBAB25B8B9E012E /* Pods-MonkeyDoc.release.xcconfig */,
			);
			name = Pods;
			sourceTree = "<group>";
		};
		6062D79ACCAC12933206D217 /* Frameworks */ = {
			isa = PBXGroup;
			children = (
				BE37BF5596C1AAE6E067A07C /* libPods-MonkeyDoc.a */,
			);
			name = Frameworks;
			sourceTree = "<group>";
		};
		973714B01C0E8ADB004D95D1 = {
			isa = PBXGroup;
			children = (
				973714BB1C0E8ADB004D95D1 /* MonkeyDoc */,
				973714BA1C0E8ADB004D95D1 /* Products */,
				2BE7406BDEF1B8400AC55F70 /* Pods */,
				6062D79ACCAC12933206D217 /* Frameworks */,
			);
			sourceTree = "<group>";
		};
		973714BA1C0E8ADB004D95D1 /* Products */ = {
			isa = PBXGroup;
			children = (
				973714B91C0E8ADB004D95D1 /* MonkeyDoc.app */,
			);
			name = Products;
			sourceTree = "<group>";
		};
		973714BB1C0E8ADB004D95D1 /* MonkeyDoc */ = {
			isa = PBXGroup;
			children = (
				973714BF1C0E8ADB004D95D1 /* AppDelegate.h */,
				973714C01C0E8ADB004D95D1 /* AppDelegate.m */,
				973714C21C0E8ADB004D95D1 /* ViewController.h */,
				973714C31C0E8ADB004D95D1 /* ViewController.m */,
				973714C81C0E8ADB004D95D1 /* Assets.xcassets */,
				973714CA1C0E8ADB004D95D1 /* LaunchScreen.storyboard */,
				973714CD1C0E8ADB004D95D1 /* Info.plist */,
				973714BC1C0E8ADB004D95D1 /* Supporting Files */,
			);
			path = MonkeyDoc;
			sourceTree = "<group>";
		};
		973714BC1C0E8ADB004D95D1 /* Supporting Files */ = {
			isa = PBXGroup;
			children = (
				973714BD1C0E8ADB004D95D1 /* main.m */,
			);
			name = "Supporting Files";
			sourceTree = "<group>";
		};
/* End PBXGroup section */

/* Begin PBXNativeTarget section */
		973714B81C0E8ADB004D95D1 /* MonkeyDoc */ = {
			isa = PBXNativeTarget;
			buildConfigurationList = 973714D01C0E8ADB004D95D1 /* Build configuration list for PBXNativeTarget "MonkeyDoc" */;
			buildPhases = (
				BC03F1EB4D4D99E31DABCE63 /* Check Pods Manifest.lock */,
				973714B51C0E8ADB004D95D1 /* Sources */,
				973714B61C0E8ADB004D95D1 /* Frameworks */,
				973714B71C0E8ADB004D95D1 /* Resources */,
				22D8ECE0312FBC4F57879B0A /* Embed Pods Frameworks */,
				4E8B9F210F135D06E8B761AC /* Copy Pods Resources */,
			);
			buildRules = (
			);
			dependencies = (
			);
			name = MonkeyDoc;
			productName = MonkeyDoc;
			productReference = 973714B91C0E8ADB004D95D1 /* MonkeyDoc.app */;
			productType = "com.apple.product-type.application";
		};
/* End PBXNativeTarget section */

/* Begin PBXProject section */
		973714B11C0E8ADB004D95D1 /* Project object */ = {
			isa = PBXProject;
			attributes = {
				LastUpgradeCheck = 0710;
				ORGANIZATIONNAME = "Pedro Goes";
				TargetAttributes = {
					973714B81C0E8ADB004D95D1 = {
						CreatedOnToolsVersion = 7.1.1;
					};
				};
			};
			buildConfigurationList = 973714B41C0E8ADB004D95D1 /* Build configuration list for PBXProject "MonkeyDoc" */;
			compatibilityVersion = "Xcode 3.2";
			developmentRegion = English;
			hasScannedForEncodings = 0;
			knownRegions = (
				en,
				Base,
			);
			mainGroup = 973714B01C0E8ADB004D95D1;
			productRefGroup = 973714BA1C0E8ADB004D95D1 /* Products */;
			projectDirPath = "";
			projectRoot = "";
			targets = (
				973714B81C0E8ADB004D95D1 /* MonkeyDoc */,
			);
		};
/* End PBXProject section */

/* Begin PBXResourcesBuildPhase section */
		973714B71C0E8ADB004D95D1 /* Resources */ = {
			isa = PBXResourcesBuildPhase;
			buildActionMask = 2147483647;
			files = (
				973714CC1C0E8ADB004D95D1 /* LaunchScreen.storyboard in Resources */,
				973714C91C0E8ADB004D95D1 /* Assets.xcassets in Resources */,
			);
			runOnlyForDeploymentPostprocessing = 0;
		};
/* End PBXResourcesBuildPhase section */

/* Begin PBXShellScriptBuildPhase section */
		22D8ECE0312FBC4F57879B0A /* Embed Pods Frameworks */ = {
			isa = PBXShellScriptBuildPhase;
			buildActionMask = 2147483647;
			files = (
			);
			inputPaths = (
			);
			name = "Embed Pods Frameworks";
			outputPaths = (
			);
			runOnlyForDeploymentPostprocessing = 0;
			shellPath = /bin/sh;
			shellScript = "\"${SRCROOT}/Pods/Target Support Files/Pods-MonkeyDoc/Pods-MonkeyDoc-frameworks.sh\"\n";
			showEnvVarsInLog = 0;
		};
		4E8B9F210F135D06E8B761AC /* Copy Pods Resources */ = {
			isa = PBXShellScriptBuildPhase;
			buildActionMask = 2147483647;
			files = (
			);
			inputPaths = (
			);
			name = "Copy Pods Resources";
			outputPaths = (
			);
			runOnlyForDeploymentPostprocessing = 0;
			shellPath = /bin/sh;
			shellScript = "\"${SRCROOT}/Pods/Target Support Files/Pods-MonkeyDoc/Pods-MonkeyDoc-resources.sh\"\n";
			showEnvVarsInLog = 0;
		};
		BC03F1EB4D4D99E31DABCE63 /* Check Pods Manifest.lock */ = {
			isa = PBXShellScriptBuildPhase;
			buildActionMask = 2147483647;
			files = (
			);
			inputPaths = (
			);
			name = "Check Pods Manifest.lock";
			outputPaths = (
			);
			runOnlyForDeploymentPostprocessing = 0;
			shellPath = /bin/sh;
			shellScript = "diff \"${PODS_ROOT}/../Podfile.lock\" \"${PODS_ROOT}/Manifest.lock\" > /dev/null\nif [[ $? != 0 ]] ; then\n    cat << EOM\nerror: The sandbox is not in sync with the Podfile.lock. Run 'pod install' or update your CocoaPods installation.\nEOM\n    exit 1\nfi\n";
			showEnvVarsInLog = 0;
		};
/* End PBXShellScriptBuildPhase section */

/* Begin PBXSourcesBuildPhase section */
		973714B51C0E8ADB004D95D1 /* Sources */ = {
			isa = PBXSourcesBuildPhase;
			buildActionMask = 2147483647;
			files = (
				973714C41C0E8ADB004D95D1 /* ViewController.m in Sources */,
				973714C11C0E8ADB004D95D1 /* AppDelegate.m in Sources */,
				973714BE1C0E8ADB004D95D1 /* main.m in Sources */,
			);
			runOnlyForDeploymentPostprocessing = 0;
		};
/* End PBXSourcesBuildPhase section */

/* Begin PBXVariantGroup section */
		973714CA1C0E8ADB004D95D1 /* LaunchScreen.storyboard */ = {
			isa = PBXVariantGroup;
			children = (
				973714CB1C0E8ADB004D95D1 /* Base */,
			);
			name = LaunchScreen.storyboard;
			sourceTree = "<group>";
		};
/* End PBXVariantGroup section */

/* Begin XCBuildConfiguration section */
		973714CE1C0E8ADB004D95D1 /* Debug */ = {
			isa = XCBuildConfiguration;
			buildSettings = {
				ALWAYS_SEARCH_USER_PATHS = NO;
				CLANG_CXX_LANGUAGE_STANDARD = "gnu++0x";
				CLANG_CXX_LIBRARY = "libc++";
				CLANG_ENABLE_MODULES = YES;
				CLANG_ENABLE_OBJC_ARC = YES;
				CLANG_WARN_BOOL_CONVERSION = YES;
				CLANG_WARN_CONSTANT_CONVERSION = YES;
				CLANG_WARN_DIRECT_OBJC_ISA_USAGE = YES_ERROR;
				CLANG_WARN_EMPTY_BODY = YES;
				CLANG_WARN_ENUM_CONVERSION = YES;
				CLANG_WARN_INT_CONVERSION = YES;
				CLANG_WARN_OBJC_ROOT_CLASS = YES_ERROR;
				CLANG_WARN_UNREACHABLE_CODE = YES;
				CLANG_WARN__DUPLICATE_METHOD_MATCH = YES;
				"CODE_SIGN_IDENTITY[sdk=iphoneos*]" = "iPhone Developer";
				COPY_PHASE_STRIP = NO;
				DEBUG_INFORMATION_FORMAT = dwarf;
				ENABLE_STRICT_OBJC_MSGSEND = YES;
				ENABLE_TESTABILITY = YES;
				GCC_C_LANGUAGE_STANDARD = gnu99;
				GCC_DYNAMIC_NO_PIC = NO;
				GCC_NO_COMMON_BLOCKS = YES;
				GCC_OPTIMIZATION_LEVEL = 0;
				GCC_PREPROCESSOR_DEFINITIONS = (
					"DEBUG=1",
					"$(inherited)",
				);
				GCC_WARN_64_TO_32_BIT_CONVERSION = YES;
				GCC_WARN_ABOUT_RETURN_TYPE = YES_ERROR;
				GCC_WARN_UNDECLARED_SELECTOR = YES;
				GCC_WARN_UNINITIALIZED_AUTOS = YES_AGGRESSIVE;
				GCC_WARN_UNUSED_FUNCTION = YES;
				GCC_WARN_UNUSED_VARIABLE = YES;
				IPHONEOS_DEPLOYMENT_TARGET = 9.1;
				MTL_ENABLE_DEBUG_INFO = YES;
				ONLY_ACTIVE_ARCH = YES;
				SDKROOT = iphoneos;
			};
			name = Debug;
		};
		973714CF1C0E8ADB004D95D1 /* Release */ = {
			isa = XCBuildConfiguration;
			buildSettings = {
				ALWAYS_SEARCH_USER_PATHS = NO;
				CLANG_CXX_LANGUAGE_STANDARD = "gnu++0x";
				CLANG_CXX_LIBRARY = "libc++";
				CLANG_ENABLE_MODULES = YES;
				CLANG_ENABLE_OBJC_ARC = YES;
				CLANG_WARN_BOOL_CONVERSION = YES;
				CLANG_WARN_CONSTANT_CONVERSION = YES;
				CLANG_WARN_DIRECT_OBJC_ISA_USAGE = YES_ERROR;
				CLANG_WARN_EMPTY_BODY = YES;
				CLANG_WARN_ENUM_CONVERSION = YES;
				CLANG_WARN_INT_CONVERSION = YES;
				CLANG_WARN_OBJC_ROOT_CLASS = YES_ERROR;
				CLANG_WARN_UNREACHABLE_CODE = YES;
				CLANG_WARN__DUPLICATE_METHOD_MATCH = YES;
				"CODE_SIGN_IDENTITY[sdk=iphoneos*]" = "iPhone Developer";
				COPY_PHASE_STRIP = NO;
				DEBUG_INFORMATION_FORMAT = "dwarf-with-dsym";
				ENABLE_NS_ASSERTIONS = NO;
				ENABLE_STRICT_OBJC_MSGSEND = YES;
				GCC_C_LANGUAGE_STANDARD = gnu99;
				GCC_NO_COMMON_BLOCKS = YES;
				GCC_WARN_64_TO_32_BIT_CONVERSION = YES;
				GCC_WARN_ABOUT_RETURN_TYPE = YES_ERROR;
				GCC_WARN_UNDECLARED_SELECTOR = YES;
				GCC_WARN_UNINITIALIZED_AUTOS = YES_AGGRESSIVE;
				GCC_WARN_UNUSED_FUNCTION = YES;
				GCC_WARN_UNUSED_VARIABLE = YES;
				IPHONEOS_DEPLOYMENT_TARGET = 9.1;
				MTL_ENABLE_DEBUG_INFO = NO;
				SDKROOT = iphoneos;
				VALIDATE_PRODUCT = YES;
			};
			name = Release;
		};
		973714D11C0E8ADB004D95D1 /* Debug */ = {
			isa = XCBuildConfiguration;
			baseConfigurationReference = DB7DA631E2E4BAA49448FD13 /* Pods-MonkeyDoc.debug.xcconfig */;
			buildSettings = {
				ASSETCATALOG_COMPILER_APPICON_NAME = AppIcon;
				INFOPLIST_FILE = MonkeyDoc/Info.plist;
				LD_RUNPATH_SEARCH_PATHS = "$(inherited) @executable_path/Frameworks";
				PRODUCT_BUNDLE_IDENTIFIER = info.pedrogoes.MonkeyDoc;
				PRODUCT_NAME = "$(TARGET_NAME)";
			};
			name = Debug;
		};
		973714D21C0E8ADB004D95D1 /* Release */ = {
			isa = XCBuildConfiguration;
			baseConfigurationReference = 2127E3EC7FBAB25B8B9E012E /* Pods-MonkeyDoc.release.xcconfig */;
			buildSettings = {
				ASSETCATALOG_COMPILER_APPICON_NAME = AppIcon;
				INFOPLIST_FILE = MonkeyDoc/Info.plist;
				LD_RUNPATH_SEARCH_PATHS = "$(inherited) @executable_path/Frameworks";
				PRODUCT_BUNDLE_IDENTIFIER = info.pedrogoes.MonkeyDoc;
				PRODUCT_NAME = "$(TARGET_NAME)";
			};
			name = Release;
		};
/* End XCBuildConfiguration section */

/* Begin XCConfigurationList section */
		973714B41C0E8ADB004D95D1 /* Build configuration list for PBXProject "MonkeyDoc" */ = {
			isa = XCConfigurationList;
			buildConfigurations = (
				973714CE1C0E8ADB004D95D1 /* Debug */,
				973714CF1C0E8ADB004D95D1 /* Release */,
			);
			defaultConfigurationIsVisible = 0;
			defaultConfigurationName = Release;
		};
		973714D01C0E8ADB004D95D1 /* Build configuration list for PBXNativeTarget "MonkeyDoc" */ = {
			isa = XCConfigurationList;
			buildConfigurations = (
				973714D11C0E8ADB004D95D1 /* Debug */,
				973714D21C0E8ADB004D95D1 /* Release */,
			);
			defaultConfigurationIsVisible = 0;
			defaultConfigurationName = Release;
		};
/* End XCConfigurationList section */
	};
	rootObject = 973714B11C0E8ADB004D95D1 /* Project object */;
}
